// !$*UTF8*$!
{
	archiveVersion = 1;
	classes = {
	};
	objectVersion = 50;
	objects = {

/* Begin PBXBuildFile section */
		3E85407320DC203D0030A77A /* CreateCheersBasicView.swift in Sources */ = {isa = PBXBuildFile; fileRef = 3E85407220DC203D0030A77A /* CreateCheersBasicView.swift */; };
		3E8DED1520C0A7C80049D98E /* MyProfile.swift in Sources */ = {isa = PBXBuildFile; fileRef = 3E8DED1420C0A7C80049D98E /* MyProfile.swift */; };
		3E8DED1720C0C02B0049D98E /* Notes.swift in Sources */ = {isa = PBXBuildFile; fileRef = 3E8DED1620C0C02B0049D98E /* Notes.swift */; };
		3EB141ED20B356AB00E4D853 /* Cheer.swift in Sources */ = {isa = PBXBuildFile; fileRef = 3EB141EC20B356AB00E4D853 /* Cheer.swift */; };
		3EB141EF20B368EF00E4D853 /* TabBarViewController.swift in Sources */ = {isa = PBXBuildFile; fileRef = 3EB141EE20B368EF00E4D853 /* TabBarViewController.swift */; };
		3EB141F120B3693F00E4D853 /* ExploreViewController.swift in Sources */ = {isa = PBXBuildFile; fileRef = 3EB141F020B3693F00E4D853 /* ExploreViewController.swift */; };
		3EB141F320B3696900E4D853 /* CheersViewController.swift in Sources */ = {isa = PBXBuildFile; fileRef = 3EB141F220B3696900E4D853 /* CheersViewController.swift */; };
		3EB141F520B3698000E4D853 /* HonorsViewController.swift in Sources */ = {isa = PBXBuildFile; fileRef = 3EB141F420B3698000E4D853 /* HonorsViewController.swift */; };
		3EB141F720B3699200E4D853 /* ProfileViewController.swift in Sources */ = {isa = PBXBuildFile; fileRef = 3EB141F620B3699200E4D853 /* ProfileViewController.swift */; };
		3EEE24BA20AF411F004BBE08 /* HomeDataSource.swift in Sources */ = {isa = PBXBuildFile; fileRef = 3EEE24B920AF411F004BBE08 /* HomeDataSource.swift */; };
		3EEE24BC20AF4176004BBE08 /* RecentBeerCell.swift in Sources */ = {isa = PBXBuildFile; fileRef = 3EEE24BB20AF4176004BBE08 /* RecentBeerCell.swift */; };
		3EEE24BE20AF472E004BBE08 /* RecentHeader.swift in Sources */ = {isa = PBXBuildFile; fileRef = 3EEE24BD20AF472E004BBE08 /* RecentHeader.swift */; };
		3EEE24C020AF4EE1004BBE08 /* RecentFooter.swift in Sources */ = {isa = PBXBuildFile; fileRef = 3EEE24BF20AF4EE1004BBE08 /* RecentFooter.swift */; };
		3EEFE51520AF3E3200FBCF92 /* HomeDataSourceController.swift in Sources */ = {isa = PBXBuildFile; fileRef = 3EEFE51420AF3E3200FBCF92 /* HomeDataSourceController.swift */; };
		5992D0129EEACC5946E272D5 /* Pods_Cheers.framework in Frameworks */ = {isa = PBXBuildFile; fileRef = 450FE11C67BE9623C3865D51 /* Pods_Cheers.framework */; };
		650CAB7820B0924600B143EB /* RecentCheer.swift in Sources */ = {isa = PBXBuildFile; fileRef = 650CAB7720B0924600B143EB /* RecentCheer.swift */; };
		6536C2B920AE7415002088A3 /* AppDelegate.swift in Sources */ = {isa = PBXBuildFile; fileRef = 6536C2B820AE7415002088A3 /* AppDelegate.swift */; };
		6536C2C220AE7415002088A3 /* Assets.xcassets in Resources */ = {isa = PBXBuildFile; fileRef = 6536C2C120AE7415002088A3 /* Assets.xcassets */; };
		6536C2C520AE7415002088A3 /* LaunchScreen.storyboard in Resources */ = {isa = PBXBuildFile; fileRef = 6536C2C320AE7415002088A3 /* LaunchScreen.storyboard */; };
		655CC16420B5160D009B242E /* GoogleService-Info.plist in Resources */ = {isa = PBXBuildFile; fileRef = 655CC16320B5160C009B242E /* GoogleService-Info.plist */; };
		6591D8FF20BE148C00879EC5 /* LoginViewController.swift in Sources */ = {isa = PBXBuildFile; fileRef = 6591D8FE20BE148C00879EC5 /* LoginViewController.swift */; };
		65953B8A20B0BA2C002B5774 /* FeedViewCell.swift in Sources */ = {isa = PBXBuildFile; fileRef = 65953B8920B0BA2C002B5774 /* FeedViewCell.swift */; };
		65A232F120E580F200B3E6C5 /* LoginView.swift in Sources */ = {isa = PBXBuildFile; fileRef = 65A232F020E580F200B3E6C5 /* LoginView.swift */; };
		65D59E7620BF844000BDE133 /* SignUpViewController.swift in Sources */ = {isa = PBXBuildFile; fileRef = 65D59E7520BF844000BDE133 /* SignUpViewController.swift */; };
		65D59E7820CC6FED00BDE133 /* DatabaseService.swift in Sources */ = {isa = PBXBuildFile; fileRef = 65D59E7720CC6FED00BDE133 /* DatabaseService.swift */; };
		65D59E7A20CC737000BDE133 /* LoggingService.swift in Sources */ = {isa = PBXBuildFile; fileRef = 65D59E7920CC737000BDE133 /* LoggingService.swift */; };
/* End PBXBuildFile section */

/* Begin PBXFileReference section */
		21DD3CF7AE49E66C7CA978F5 /* Pods-Cheers.debug.xcconfig */ = {isa = PBXFileReference; includeInIndex = 1; lastKnownFileType = text.xcconfig; name = "Pods-Cheers.debug.xcconfig"; path = "Pods/Target Support Files/Pods-Cheers/Pods-Cheers.debug.xcconfig"; sourceTree = "<group>"; };
		3E85407220DC203D0030A77A /* CreateCheersBasicView.swift */ = {isa = PBXFileReference; lastKnownFileType = sourcecode.swift; path = CreateCheersBasicView.swift; sourceTree = "<group>"; };
		3E8DED1420C0A7C80049D98E /* MyProfile.swift */ = {isa = PBXFileReference; lastKnownFileType = sourcecode.swift; path = MyProfile.swift; sourceTree = "<group>"; };
		3E8DED1620C0C02B0049D98E /* Notes.swift */ = {isa = PBXFileReference; lastKnownFileType = sourcecode.swift; path = Notes.swift; sourceTree = "<group>"; };
		3EB141EC20B356AB00E4D853 /* Cheer.swift */ = {isa = PBXFileReference; lastKnownFileType = sourcecode.swift; path = Cheer.swift; sourceTree = "<group>"; };
		3EB141EE20B368EF00E4D853 /* TabBarViewController.swift */ = {isa = PBXFileReference; lastKnownFileType = sourcecode.swift; path = TabBarViewController.swift; sourceTree = "<group>"; };
		3EB141F020B3693F00E4D853 /* ExploreViewController.swift */ = {isa = PBXFileReference; lastKnownFileType = sourcecode.swift; path = ExploreViewController.swift; sourceTree = "<group>"; };
		3EB141F220B3696900E4D853 /* CheersViewController.swift */ = {isa = PBXFileReference; lastKnownFileType = sourcecode.swift; path = CheersViewController.swift; sourceTree = "<group>"; };
		3EB141F420B3698000E4D853 /* HonorsViewController.swift */ = {isa = PBXFileReference; lastKnownFileType = sourcecode.swift; path = HonorsViewController.swift; sourceTree = "<group>"; };
		3EB141F620B3699200E4D853 /* ProfileViewController.swift */ = {isa = PBXFileReference; lastKnownFileType = sourcecode.swift; path = ProfileViewController.swift; sourceTree = "<group>"; };
		3EEE24B920AF411F004BBE08 /* HomeDataSource.swift */ = {isa = PBXFileReference; lastKnownFileType = sourcecode.swift; path = HomeDataSource.swift; sourceTree = "<group>"; };
		3EEE24BB20AF4176004BBE08 /* RecentBeerCell.swift */ = {isa = PBXFileReference; lastKnownFileType = sourcecode.swift; path = RecentBeerCell.swift; sourceTree = "<group>"; };
		3EEE24BD20AF472E004BBE08 /* RecentHeader.swift */ = {isa = PBXFileReference; lastKnownFileType = sourcecode.swift; path = RecentHeader.swift; sourceTree = "<group>"; };
		3EEE24BF20AF4EE1004BBE08 /* RecentFooter.swift */ = {isa = PBXFileReference; lastKnownFileType = sourcecode.swift; path = RecentFooter.swift; sourceTree = "<group>"; };
		3EEFE51420AF3E3200FBCF92 /* HomeDataSourceController.swift */ = {isa = PBXFileReference; lastKnownFileType = sourcecode.swift; path = HomeDataSourceController.swift; sourceTree = "<group>"; };
		450FE11C67BE9623C3865D51 /* Pods_Cheers.framework */ = {isa = PBXFileReference; explicitFileType = wrapper.framework; includeInIndex = 0; path = Pods_Cheers.framework; sourceTree = BUILT_PRODUCTS_DIR; };
		650CAB7720B0924600B143EB /* RecentCheer.swift */ = {isa = PBXFileReference; lastKnownFileType = sourcecode.swift; path = RecentCheer.swift; sourceTree = "<group>"; };
		6536C2B520AE7415002088A3 /* Cheers.app */ = {isa = PBXFileReference; explicitFileType = wrapper.application; includeInIndex = 0; path = Cheers.app; sourceTree = BUILT_PRODUCTS_DIR; };
		6536C2B820AE7415002088A3 /* AppDelegate.swift */ = {isa = PBXFileReference; lastKnownFileType = sourcecode.swift; path = AppDelegate.swift; sourceTree = "<group>"; };
		6536C2C120AE7415002088A3 /* Assets.xcassets */ = {isa = PBXFileReference; lastKnownFileType = folder.assetcatalog; path = Assets.xcassets; sourceTree = "<group>"; };
		6536C2C420AE7415002088A3 /* Base */ = {isa = PBXFileReference; lastKnownFileType = file.storyboard; name = Base; path = Base.lproj/LaunchScreen.storyboard; sourceTree = "<group>"; };
		6536C2C620AE7415002088A3 /* Info.plist */ = {isa = PBXFileReference; lastKnownFileType = text.plist.xml; path = Info.plist; sourceTree = "<group>"; };
		655CC16320B5160C009B242E /* GoogleService-Info.plist */ = {isa = PBXFileReference; fileEncoding = 4; lastKnownFileType = text.plist.xml; path = "GoogleService-Info.plist"; sourceTree = "<group>"; };
		6591D8FE20BE148C00879EC5 /* LoginViewController.swift */ = {isa = PBXFileReference; lastKnownFileType = sourcecode.swift; path = LoginViewController.swift; sourceTree = "<group>"; };
		65953B8920B0BA2C002B5774 /* FeedViewCell.swift */ = {isa = PBXFileReference; lastKnownFileType = sourcecode.swift; path = FeedViewCell.swift; sourceTree = "<group>"; };
		65A232F020E580F200B3E6C5 /* LoginView.swift */ = {isa = PBXFileReference; lastKnownFileType = sourcecode.swift; path = LoginView.swift; sourceTree = "<group>"; };
		65D59E7520BF844000BDE133 /* SignUpViewController.swift */ = {isa = PBXFileReference; lastKnownFileType = sourcecode.swift; path = SignUpViewController.swift; sourceTree = "<group>"; };
		65D59E7720CC6FED00BDE133 /* DatabaseService.swift */ = {isa = PBXFileReference; lastKnownFileType = sourcecode.swift; path = DatabaseService.swift; sourceTree = "<group>"; };
		65D59E7920CC737000BDE133 /* LoggingService.swift */ = {isa = PBXFileReference; lastKnownFileType = sourcecode.swift; path = LoggingService.swift; sourceTree = "<group>"; };
		ED09316966F32CC8C4E3C9FA /* Pods-Cheers.release.xcconfig */ = {isa = PBXFileReference; includeInIndex = 1; lastKnownFileType = text.xcconfig; name = "Pods-Cheers.release.xcconfig"; path = "Pods/Target Support Files/Pods-Cheers/Pods-Cheers.release.xcconfig"; sourceTree = "<group>"; };
/* End PBXFileReference section */

/* Begin PBXFrameworksBuildPhase section */
		6536C2B220AE7415002088A3 /* Frameworks */ = {
			isa = PBXFrameworksBuildPhase;
			buildActionMask = 2147483647;
			files = (
				5992D0129EEACC5946E272D5 /* Pods_Cheers.framework in Frameworks */,
			);
			runOnlyForDeploymentPostprocessing = 0;
		};
/* End PBXFrameworksBuildPhase section */

/* Begin PBXGroup section */
		30FF815D8560D950D4FDA29E /* Pods */ = {
			isa = PBXGroup;
			children = (
				21DD3CF7AE49E66C7CA978F5 /* Pods-Cheers.debug.xcconfig */,
				ED09316966F32CC8C4E3C9FA /* Pods-Cheers.release.xcconfig */,
			);
			name = Pods;
			sourceTree = "<group>";
		};
		3EEE24C120AF500F004BBE08 /* Controller */ = {
			isa = PBXGroup;
			children = (
				6591D8FE20BE148C00879EC5 /* LoginViewController.swift */,
				65D59E7520BF844000BDE133 /* SignUpViewController.swift */,
				3EB141EE20B368EF00E4D853 /* TabBarViewController.swift */,
				3EEFE51420AF3E3200FBCF92 /* HomeDataSourceController.swift */,
				3EB141F020B3693F00E4D853 /* ExploreViewController.swift */,
				3EB141F220B3696900E4D853 /* CheersViewController.swift */,
				3EB141F420B3698000E4D853 /* HonorsViewController.swift */,
				3EB141F620B3699200E4D853 /* ProfileViewController.swift */,
			);
			path = Controller;
			sourceTree = "<group>";
		};
		3EEE24C220AF5018004BBE08 /* Model */ = {
			isa = PBXGroup;
			children = (
				3EEE24B920AF411F004BBE08 /* HomeDataSource.swift */,
				650CAB7720B0924600B143EB /* RecentCheer.swift */,
				3EB141EC20B356AB00E4D853 /* Cheer.swift */,
				3E8DED1420C0A7C80049D98E /* MyProfile.swift */,
			);
			path = Model;
			sourceTree = "<group>";
		};
		3EEE24C320AF502B004BBE08 /* View */ = {
			isa = PBXGroup;
			children = (
				3EEE24BD20AF472E004BBE08 /* RecentHeader.swift */,
				3EEE24BB20AF4176004BBE08 /* RecentBeerCell.swift */,
				3EEE24BF20AF4EE1004BBE08 /* RecentFooter.swift */,
				65953B8920B0BA2C002B5774 /* FeedViewCell.swift */,
				3E85407220DC203D0030A77A /* CreateCheersBasicView.swift */,
				65A232F020E580F200B3E6C5 /* LoginView.swift */,
			);
			path = View;
			sourceTree = "<group>";
		};
		6536C2AC20AE7415002088A3 = {
			isa = PBXGroup;
			children = (
				6536C2B720AE7415002088A3 /* Cheers */,
				6536C2B620AE7415002088A3 /* Products */,
				30FF815D8560D950D4FDA29E /* Pods */,
				B31D8E7B90F4747EDA7F5E0D /* Frameworks */,
			);
			sourceTree = "<group>";
		};
		6536C2B620AE7415002088A3 /* Products */ = {
			isa = PBXGroup;
			children = (
				6536C2B520AE7415002088A3 /* Cheers.app */,
			);
			name = Products;
			sourceTree = "<group>";
		};
		6536C2B720AE7415002088A3 /* Cheers */ = {
			isa = PBXGroup;
			children = (
				3E8DED1620C0C02B0049D98E /* Notes.swift */,
				6536C2B820AE7415002088A3 /* AppDelegate.swift */,
				65DC496F20CD7E5A0029DC91 /* Services */,
				3EEE24C220AF5018004BBE08 /* Model */,
				3EEE24C320AF502B004BBE08 /* View */,
				3EEE24C120AF500F004BBE08 /* Controller */,
				6536C2C120AE7415002088A3 /* Assets.xcassets */,
				6536C2C320AE7415002088A3 /* LaunchScreen.storyboard */,
				655CC16320B5160C009B242E /* GoogleService-Info.plist */,
				6536C2C620AE7415002088A3 /* Info.plist */,
			);
			path = Cheers;
			sourceTree = "<group>";
		};
		65DC496F20CD7E5A0029DC91 /* Services */ = {
			isa = PBXGroup;
			children = (
				65D59E7720CC6FED00BDE133 /* DatabaseService.swift */,
				65D59E7920CC737000BDE133 /* LoggingService.swift */,
			);
			path = Services;
			sourceTree = "<group>";
		};
		B31D8E7B90F4747EDA7F5E0D /* Frameworks */ = {
			isa = PBXGroup;
			children = (
				450FE11C67BE9623C3865D51 /* Pods_Cheers.framework */,
			);
			name = Frameworks;
			sourceTree = "<group>";
		};
/* End PBXGroup section */

/* Begin PBXNativeTarget section */
		6536C2B420AE7415002088A3 /* Cheers */ = {
			isa = PBXNativeTarget;
			buildConfigurationList = 6536C2C920AE7415002088A3 /* Build configuration list for PBXNativeTarget "Cheers" */;
			buildPhases = (
				5027C4D79A4C14B104D12D92 /* [CP] Check Pods Manifest.lock */,
				6536C2B120AE7415002088A3 /* Sources */,
				6536C2B220AE7415002088A3 /* Frameworks */,
				6536C2B320AE7415002088A3 /* Resources */,
				00710B9DF02750A81C7A5990 /* [CP] Embed Pods Frameworks */,
			);
			buildRules = (
			);
			dependencies = (
			);
			name = Cheers;
			productName = Cheers;
			productReference = 6536C2B520AE7415002088A3 /* Cheers.app */;
			productType = "com.apple.product-type.application";
		};
/* End PBXNativeTarget section */

/* Begin PBXProject section */
		6536C2AD20AE7415002088A3 /* Project object */ = {
			isa = PBXProject;
			attributes = {
				LastSwiftUpdateCheck = 0930;
				LastUpgradeCheck = 0930;
				ORGANIZATIONNAME = "Do Pham";
				TargetAttributes = {
					6536C2B420AE7415002088A3 = {
						CreatedOnToolsVersion = 9.3;
					};
				};
			};
			buildConfigurationList = 6536C2B020AE7415002088A3 /* Build configuration list for PBXProject "Cheers" */;
			compatibilityVersion = "Xcode 9.3";
			developmentRegion = en;
			hasScannedForEncodings = 0;
			knownRegions = (
				en,
				Base,
			);
			mainGroup = 6536C2AC20AE7415002088A3;
			productRefGroup = 6536C2B620AE7415002088A3 /* Products */;
			projectDirPath = "";
			projectRoot = "";
			targets = (
				6536C2B420AE7415002088A3 /* Cheers */,
			);
		};
/* End PBXProject section */

/* Begin PBXResourcesBuildPhase section */
		6536C2B320AE7415002088A3 /* Resources */ = {
			isa = PBXResourcesBuildPhase;
			buildActionMask = 2147483647;
			files = (
				6536C2C520AE7415002088A3 /* LaunchScreen.storyboard in Resources */,
				6536C2C220AE7415002088A3 /* Assets.xcassets in Resources */,
				655CC16420B5160D009B242E /* GoogleService-Info.plist in Resources */,
			);
			runOnlyForDeploymentPostprocessing = 0;
		};
/* End PBXResourcesBuildPhase section */

/* Begin PBXShellScriptBuildPhase section */
		00710B9DF02750A81C7A5990 /* [CP] Embed Pods Frameworks */ = {
			isa = PBXShellScriptBuildPhase;
			buildActionMask = 2147483647;
			files = (
			);
			inputPaths = (
				"${SRCROOT}/Pods/Target Support Files/Pods-Cheers/Pods-Cheers-frameworks.sh",
				"${BUILT_PRODUCTS_DIR}/ALCameraViewController/ALCameraViewController.framework",
				"${BUILT_PRODUCTS_DIR}/DropDown/DropDown.framework",
				"${BUILT_PRODUCTS_DIR}/GTMSessionFetcher/GTMSessionFetcher.framework",
				"${BUILT_PRODUCTS_DIR}/GoogleToolboxForMac/GoogleToolboxForMac.framework",
				"${BUILT_PRODUCTS_DIR}/LBTAComponents/LBTAComponents.framework",
				"${BUILT_PRODUCTS_DIR}/MDFInternationalization/MDFInternationalization.framework",
				"${BUILT_PRODUCTS_DIR}/MDFTextAccessibility/MDFTextAccessibility.framework",
				"${BUILT_PRODUCTS_DIR}/MaterialComponents/MaterialComponents.framework",
				"${BUILT_PRODUCTS_DIR}/MotionAnimator/MotionAnimator.framework",
				"${BUILT_PRODUCTS_DIR}/MotionInterchange/MotionInterchange.framework",
				"${BUILT_PRODUCTS_DIR}/MotionTransitioning/MotionTransitioning.framework",
				"${BUILT_PRODUCTS_DIR}/Onboard/Onboard.framework",
				"${BUILT_PRODUCTS_DIR}/RxCocoa/RxCocoa.framework",
				"${BUILT_PRODUCTS_DIR}/RxGesture/RxGesture.framework",
				"${BUILT_PRODUCTS_DIR}/RxSwift/RxSwift.framework",
				"${BUILT_PRODUCTS_DIR}/SnapKit/SnapKit.framework",
				"${BUILT_PRODUCTS_DIR}/leveldb-library/leveldb.framework",
				"${BUILT_PRODUCTS_DIR}/nanopb/nanopb.framework",
			);
			name = "[CP] Embed Pods Frameworks";
			outputPaths = (
				"${TARGET_BUILD_DIR}/${FRAMEWORKS_FOLDER_PATH}/ALCameraViewController.framework",
				"${TARGET_BUILD_DIR}/${FRAMEWORKS_FOLDER_PATH}/DropDown.framework",
				"${TARGET_BUILD_DIR}/${FRAMEWORKS_FOLDER_PATH}/GTMSessionFetcher.framework",
				"${TARGET_BUILD_DIR}/${FRAMEWORKS_FOLDER_PATH}/GoogleToolboxForMac.framework",
				"${TARGET_BUILD_DIR}/${FRAMEWORKS_FOLDER_PATH}/LBTAComponents.framework",
				"${TARGET_BUILD_DIR}/${FRAMEWORKS_FOLDER_PATH}/MDFInternationalization.framework",
				"${TARGET_BUILD_DIR}/${FRAMEWORKS_FOLDER_PATH}/MDFTextAccessibility.framework",
				"${TARGET_BUILD_DIR}/${FRAMEWORKS_FOLDER_PATH}/MaterialComponents.framework",
				"${TARGET_BUILD_DIR}/${FRAMEWORKS_FOLDER_PATH}/MotionAnimator.framework",
				"${TARGET_BUILD_DIR}/${FRAMEWORKS_FOLDER_PATH}/MotionInterchange.framework",
				"${TARGET_BUILD_DIR}/${FRAMEWORKS_FOLDER_PATH}/MotionTransitioning.framework",
				"${TARGET_BUILD_DIR}/${FRAMEWORKS_FOLDER_PATH}/Onboard.framework",
				"${TARGET_BUILD_DIR}/${FRAMEWORKS_FOLDER_PATH}/RxCocoa.framework",
				"${TARGET_BUILD_DIR}/${FRAMEWORKS_FOLDER_PATH}/RxGesture.framework",
				"${TARGET_BUILD_DIR}/${FRAMEWORKS_FOLDER_PATH}/RxSwift.framework",
				"${TARGET_BUILD_DIR}/${FRAMEWORKS_FOLDER_PATH}/SnapKit.framework",
				"${TARGET_BUILD_DIR}/${FRAMEWORKS_FOLDER_PATH}/leveldb.framework",
				"${TARGET_BUILD_DIR}/${FRAMEWORKS_FOLDER_PATH}/nanopb.framework",
			);
			runOnlyForDeploymentPostprocessing = 0;
			shellPath = /bin/sh;
			shellScript = "\"${SRCROOT}/Pods/Target Support Files/Pods-Cheers/Pods-Cheers-frameworks.sh\"\n";
			showEnvVarsInLog = 0;
		};
		5027C4D79A4C14B104D12D92 /* [CP] Check Pods Manifest.lock */ = {
			isa = PBXShellScriptBuildPhase;
			buildActionMask = 2147483647;
			files = (
			);
			inputPaths = (
				"${PODS_PODFILE_DIR_PATH}/Podfile.lock",
				"${PODS_ROOT}/Manifest.lock",
			);
			name = "[CP] Check Pods Manifest.lock";
			outputPaths = (
				"$(DERIVED_FILE_DIR)/Pods-Cheers-checkManifestLockResult.txt",
			);
			runOnlyForDeploymentPostprocessing = 0;
			shellPath = /bin/sh;
			shellScript = "diff \"${PODS_PODFILE_DIR_PATH}/Podfile.lock\" \"${PODS_ROOT}/Manifest.lock\" > /dev/null\nif [ $? != 0 ] ; then\n    # print error to STDERR\n    echo \"error: The sandbox is not in sync with the Podfile.lock. Run 'pod install' or update your CocoaPods installation.\" >&2\n    exit 1\nfi\n# This output is used by Xcode 'outputs' to avoid re-running this script phase.\necho \"SUCCESS\" > \"${SCRIPT_OUTPUT_FILE_0}\"\n";
			showEnvVarsInLog = 0;
		};
/* End PBXShellScriptBuildPhase section */

/* Begin PBXSourcesBuildPhase section */
		6536C2B120AE7415002088A3 /* Sources */ = {
			isa = PBXSourcesBuildPhase;
			buildActionMask = 2147483647;
			files = (
				3E8DED1520C0A7C80049D98E /* MyProfile.swift in Sources */,
				3EB141F320B3696900E4D853 /* CheersViewController.swift in Sources */,
				3EEE24BA20AF411F004BBE08 /* HomeDataSource.swift in Sources */,
				3EEFE51520AF3E3200FBCF92 /* HomeDataSourceController.swift in Sources */,
				650CAB7820B0924600B143EB /* RecentCheer.swift in Sources */,
				65D59E7820CC6FED00BDE133 /* DatabaseService.swift in Sources */,
				65D59E7620BF844000BDE133 /* SignUpViewController.swift in Sources */,
				3E85407320DC203D0030A77A /* CreateCheersBasicView.swift in Sources */,
				65A232F120E580F200B3E6C5 /* LoginView.swift in Sources */,
				3EB141F720B3699200E4D853 /* ProfileViewController.swift in Sources */,
				3EEE24BC20AF4176004BBE08 /* RecentBeerCell.swift in Sources */,
				65953B8A20B0BA2C002B5774 /* FeedViewCell.swift in Sources */,
				3EB141F520B3698000E4D853 /* HonorsViewController.swift in Sources */,
				3EEE24C020AF4EE1004BBE08 /* RecentFooter.swift in Sources */,
				6536C2B920AE7415002088A3 /* AppDelegate.swift in Sources */,
				65D59E7A20CC737000BDE133 /* LoggingService.swift in Sources */,
				3EEE24BE20AF472E004BBE08 /* RecentHeader.swift in Sources */,
				6591D8FF20BE148C00879EC5 /* LoginViewController.swift in Sources */,
				3EB141EF20B368EF00E4D853 /* TabBarViewController.swift in Sources */,
				3E8DED1720C0C02B0049D98E /* Notes.swift in Sources */,
				3EB141F120B3693F00E4D853 /* ExploreViewController.swift in Sources */,
				3EB141ED20B356AB00E4D853 /* Cheer.swift in Sources */,
			);
			runOnlyForDeploymentPostprocessing = 0;
		};
/* End PBXSourcesBuildPhase section */

/* Begin PBXVariantGroup section */
		6536C2C320AE7415002088A3 /* LaunchScreen.storyboard */ = {
			isa = PBXVariantGroup;
			children = (
				6536C2C420AE7415002088A3 /* Base */,
			);
			name = LaunchScreen.storyboard;
			sourceTree = "<group>";
		};
/* End PBXVariantGroup section */

/* Begin XCBuildConfiguration section */
		6536C2C720AE7415002088A3 /* Debug */ = {
			isa = XCBuildConfiguration;
			buildSettings = {
				ALWAYS_SEARCH_USER_PATHS = NO;
				CLANG_ANALYZER_NONNULL = YES;
				CLANG_ANALYZER_NUMBER_OBJECT_CONVERSION = YES_AGGRESSIVE;
				CLANG_CXX_LANGUAGE_STANDARD = "gnu++14";
				CLANG_CXX_LIBRARY = "libc++";
				CLANG_ENABLE_MODULES = YES;
				CLANG_ENABLE_OBJC_ARC = YES;
				CLANG_ENABLE_OBJC_WEAK = YES;
				CLANG_WARN_BLOCK_CAPTURE_AUTORELEASING = YES;
				CLANG_WARN_BOOL_CONVERSION = YES;
				CLANG_WARN_COMMA = YES;
				CLANG_WARN_CONSTANT_CONVERSION = YES;
				CLANG_WARN_DEPRECATED_OBJC_IMPLEMENTATIONS = YES;
				CLANG_WARN_DIRECT_OBJC_ISA_USAGE = YES_ERROR;
				CLANG_WARN_DOCUMENTATION_COMMENTS = YES;
				CLANG_WARN_EMPTY_BODY = YES;
				CLANG_WARN_ENUM_CONVERSION = YES;
				CLANG_WARN_INFINITE_RECURSION = YES;
				CLANG_WARN_INT_CONVERSION = YES;
				CLANG_WARN_NON_LITERAL_NULL_CONVERSION = YES;
				CLANG_WARN_OBJC_IMPLICIT_RETAIN_SELF = YES;
				CLANG_WARN_OBJC_LITERAL_CONVERSION = YES;
				CLANG_WARN_OBJC_ROOT_CLASS = YES_ERROR;
				CLANG_WARN_RANGE_LOOP_ANALYSIS = YES;
				CLANG_WARN_STRICT_PROTOTYPES = YES;
				CLANG_WARN_SUSPICIOUS_MOVE = YES;
				CLANG_WARN_UNGUARDED_AVAILABILITY = YES_AGGRESSIVE;
				CLANG_WARN_UNREACHABLE_CODE = YES;
				CLANG_WARN__DUPLICATE_METHOD_MATCH = YES;
				CODE_SIGN_IDENTITY = "iPhone Developer";
				COPY_PHASE_STRIP = NO;
				DEBUG_INFORMATION_FORMAT = dwarf;
				ENABLE_STRICT_OBJC_MSGSEND = YES;
				ENABLE_TESTABILITY = YES;
				GCC_C_LANGUAGE_STANDARD = gnu11;
				GCC_DYNAMIC_NO_PIC = NO;
				GCC_NO_COMMON_BLOCKS = YES;
				GCC_OPTIMIZATION_LEVEL = 0;
				GCC_PREPROCESSOR_DEFINITIONS = (
					"DEBUG=1",
					"$(inherited)",
				);
				GCC_WARN_64_TO_32_BIT_CONVERSION = YES;
				GCC_WARN_ABOUT_RETURN_TYPE = YES_ERROR;
				GCC_WARN_UNDECLARED_SELECTOR = YES;
				GCC_WARN_UNINITIALIZED_AUTOS = YES_AGGRESSIVE;
				GCC_WARN_UNUSED_FUNCTION = YES;
				GCC_WARN_UNUSED_VARIABLE = YES;
				IPHONEOS_DEPLOYMENT_TARGET = 11.3;
				MTL_ENABLE_DEBUG_INFO = YES;
				ONLY_ACTIVE_ARCH = YES;
				SDKROOT = iphoneos;
				SWIFT_ACTIVE_COMPILATION_CONDITIONS = DEBUG;
				SWIFT_OPTIMIZATION_LEVEL = "-Onone";
			};
			name = Debug;
		};
		6536C2C820AE7415002088A3 /* Release */ = {
			isa = XCBuildConfiguration;
			buildSettings = {
				ALWAYS_SEARCH_USER_PATHS = NO;
				CLANG_ANALYZER_NONNULL = YES;
				CLANG_ANALYZER_NUMBER_OBJECT_CONVERSION = YES_AGGRESSIVE;
				CLANG_CXX_LANGUAGE_STANDARD = "gnu++14";
				CLANG_CXX_LIBRARY = "libc++";
				CLANG_ENABLE_MODULES = YES;
				CLANG_ENABLE_OBJC_ARC = YES;
				CLANG_ENABLE_OBJC_WEAK = YES;
				CLANG_WARN_BLOCK_CAPTURE_AUTORELEASING = YES;
				CLANG_WARN_BOOL_CONVERSION = YES;
				CLANG_WARN_COMMA = YES;
				CLANG_WARN_CONSTANT_CONVERSION = YES;
				CLANG_WARN_DEPRECATED_OBJC_IMPLEMENTATIONS = YES;
				CLANG_WARN_DIRECT_OBJC_ISA_USAGE = YES_ERROR;
				CLANG_WARN_DOCUMENTATION_COMMENTS = YES;
				CLANG_WARN_EMPTY_BODY = YES;
				CLANG_WARN_ENUM_CONVERSION = YES;
				CLANG_WARN_INFINITE_RECURSION = YES;
				CLANG_WARN_INT_CONVERSION = YES;
				CLANG_WARN_NON_LITERAL_NULL_CONVERSION = YES;
				CLANG_WARN_OBJC_IMPLICIT_RETAIN_SELF = YES;
				CLANG_WARN_OBJC_LITERAL_CONVERSION = YES;
				CLANG_WARN_OBJC_ROOT_CLASS = YES_ERROR;
				CLANG_WARN_RANGE_LOOP_ANALYSIS = YES;
				CLANG_WARN_STRICT_PROTOTYPES = YES;
				CLANG_WARN_SUSPICIOUS_MOVE = YES;
				CLANG_WARN_UNGUARDED_AVAILABILITY = YES_AGGRESSIVE;
				CLANG_WARN_UNREACHABLE_CODE = YES;
				CLANG_WARN__DUPLICATE_METHOD_MATCH = YES;
				CODE_SIGN_IDENTITY = "iPhone Developer";
				COPY_PHASE_STRIP = NO;
				DEBUG_INFORMATION_FORMAT = "dwarf-with-dsym";
				ENABLE_NS_ASSERTIONS = NO;
				ENABLE_STRICT_OBJC_MSGSEND = YES;
				GCC_C_LANGUAGE_STANDARD = gnu11;
				GCC_NO_COMMON_BLOCKS = YES;
				GCC_WARN_64_TO_32_BIT_CONVERSION = YES;
				GCC_WARN_ABOUT_RETURN_TYPE = YES_ERROR;
				GCC_WARN_UNDECLARED_SELECTOR = YES;
				GCC_WARN_UNINITIALIZED_AUTOS = YES_AGGRESSIVE;
				GCC_WARN_UNUSED_FUNCTION = YES;
				GCC_WARN_UNUSED_VARIABLE = YES;
				IPHONEOS_DEPLOYMENT_TARGET = 11.3;
				MTL_ENABLE_DEBUG_INFO = NO;
				SDKROOT = iphoneos;
				SWIFT_COMPILATION_MODE = wholemodule;
				SWIFT_OPTIMIZATION_LEVEL = "-O";
				VALIDATE_PRODUCT = YES;
			};
			name = Release;
		};
		6536C2CA20AE7415002088A3 /* Debug */ = {
			isa = XCBuildConfiguration;
			baseConfigurationReference = 21DD3CF7AE49E66C7CA978F5 /* Pods-Cheers.debug.xcconfig */;
			buildSettings = {
				ASSETCATALOG_COMPILER_APPICON_NAME = AppIcon;
				CODE_SIGN_STYLE = Automatic;
				DEVELOPMENT_TEAM = VUPJGYTX6Q;
				INFOPLIST_FILE = Cheers/Info.plist;
				IPHONEOS_DEPLOYMENT_TARGET = 11.0;
				LD_RUNPATH_SEARCH_PATHS = (
					"$(inherited)",
					"@executable_path/Frameworks",
				);
				PRODUCT_BUNDLE_IDENTIFIER = com.dompham.Cheers;
				PRODUCT_NAME = "$(TARGET_NAME)";
				SWIFT_VERSION = 4.0;
				TARGETED_DEVICE_FAMILY = "1,2";
			};
			name = Debug;
		};
		6536C2CB20AE7415002088A3 /* Release */ = {
			isa = XCBuildConfiguration;
			baseConfigurationReference = ED09316966F32CC8C4E3C9FA /* Pods-Cheers.release.xcconfig */;
			buildSettings = {
				ASSETCATALOG_COMPILER_APPICON_NAME = AppIcon;
				CODE_SIGN_STYLE = Automatic;
				DEVELOPMENT_TEAM = VUPJGYTX6Q;
				INFOPLIST_FILE = Cheers/Info.plist;
				IPHONEOS_DEPLOYMENT_TARGET = 11.0;
				LD_RUNPATH_SEARCH_PATHS = (
					"$(inherited)",
					"@executable_path/Frameworks",
				);
				PRODUCT_BUNDLE_IDENTIFIER = com.dompham.Cheers;
				PRODUCT_NAME = "$(TARGET_NAME)";
				SWIFT_VERSION = 4.0;
				TARGETED_DEVICE_FAMILY = "1,2";
			};
			name = Release;
		};
/* End XCBuildConfiguration section */

/* Begin XCConfigurationList section */
		6536C2B020AE7415002088A3 /* Build configuration list for PBXProject "Cheers" */ = {
			isa = XCConfigurationList;
			buildConfigurations = (
				6536C2C720AE7415002088A3 /* Debug */,
				6536C2C820AE7415002088A3 /* Release */,
			);
			defaultConfigurationIsVisible = 0;
			defaultConfigurationName = Release;
		};
		6536C2C920AE7415002088A3 /* Build configuration list for PBXNativeTarget "Cheers" */ = {
			isa = XCConfigurationList;
			buildConfigurations = (
				6536C2CA20AE7415002088A3 /* Debug */,
				6536C2CB20AE7415002088A3 /* Release */,
			);
			defaultConfigurationIsVisible = 0;
			defaultConfigurationName = Release;
		};
/* End XCConfigurationList section */
	};
	rootObject = 6536C2AD20AE7415002088A3 /* Project object */;
}
